<Solution>
  <Folder Name="/src/">
    <Project Path="src/Polymer.Configuration/Polymer.Configuration.csproj" />
    <Project Path="src/Polymer/Polymer.csproj" />
  </Folder>
  <Folder Name="/tests/">
    <Project Path="tests/Polymer.Tests/Polymer.Tests.csproj" />
    <Project Path="tests/Polymer.YabInterop/Polymer.YabInterop.csproj" />
  </Folder>
</Solution>
